github.com/BurntSushi/xgb v0.0.0-20160522181843-27f122750802 h1:1BDTz0u9nC3//pOCMdNH+CiXJVYJh5UQNCOBG7jbELc=
github.com/BurntSushi/xgb v0.0.0-20160522181843-27f122750802/go.mod h1:IVnqGOEym/WlBOVXweHU+Q+/VP0lqqI8lqeDx9IjBqo=
github.com/codegangsta/inject v0.0.0-20150114235600-33e0aa1cb7c0 h1:sDMmm+q/3+BukdIpxwO365v/Rbspp2Nt5XntgQRXq8Q=
github.com/codegangsta/inject v0.0.0-20150114235600-33e0aa1cb7c0/go.mod h1:4Zcjuz89kmFXt9morQgcfYZAYZ5n8WHjt81YYWIwtTM=
github.com/codeskyblue/go-sh v0.0.0-20190412065543-76bd3d59ff27 h1:HHUr4P/aKh4quafGxDT9LDasjGdlGkzLbfmmrlng3kA=
github.com/codeskyblue/go-sh v0.0.0-20190412065543-76bd3d59ff27/go.mod h1:VQx0hjo2oUeQkQUET7wRwradO6f+fN5jzXgB/zROxxE=
github.com/gen2brain/shm v0.0.0-20180314170312-6c18ff7f8b90 h1:QagTG5rauLt6pVVEhnVSrlIX4ifhVIZOwmw6x6D8TUw=
github.com/gen2brain/shm v0.0.0-20180314170312-6c18ff7f8b90/go.mod h1:uF6rMu/1nvu+5DpiRLwusA6xB8zlkNoGzKn8lmYONUo=
github.com/kbinani/screenshot v0.0.0-20190216032132-14f7672ace56 h1:kg6ftq2AemUvhN5Vdp02JjW5cSypI8HUjnnJLk69Zuw=
github.com/kbinani/screenshot v0.0.0-20190216032132-14f7672ace56/go.mod h1:f8GY5V3lRzakvEyr49P7hHRYoHtPr8zvj/7JodCoRzw=
github.com/lxn/win v0.0.0-20190423131718-c34dbc13543b h1:t2R9WqCcpxMjjy9GKTSGmH19nDcH5JxQSKk5Hh7u574=
github.com/lxn/win v0.0.0-20190423131718-c34dbc13543b/go.mod h1:jACzEp9RV7NhfPJQkiCNTteU4nkZZVlvkNpYtVOZPfE=
github.com/pkg/errors v0.8.1 h1:iURUrRGxPUNPdy5/HRSm+Yj6okJ6UtLINN0Q9M4+h3I=
github.com/pkg/errors v0.8.1/go.mod h1:bwawxfHBFNV+L2hUp1rHADufV3IMtnDRdf1r5NINEl0=
golang.org/x/sys v0.0.0-20190425045458-9f0b1ff7b46a h1:8cVTj31lbQ2I9z63Y1LjjHVKGisLuXDt12kKR0+r89w=
golang.org/x/sys v0.0.0-20190425045458-9f0b1ff7b46a/go.mod h1:h1NjWce9XRLGQEsW7wpKNCjG9DtNlClVuFLEZdDNbEs=
gopkg.in/tucnak/telebot.v2 v2.0.0-20190415090633-8c1c512262f2 h1:wGFU+pn16CuaCt4lc9gkdF1R/y4M8CRi4g6yj7pxpBE=
gopkg.in/tucnak/telebot.v2 v2.0.0-20190415090633-8c1c512262f2/go.mod h1:+//wyPtHTeW2kfyEBwB05Hqnxev7AGrsLIyylSH++KU=
